<?xml version="1.0" encoding="utf-8"?>
<Project ToolsVersion="4.0" xmlns="http://schemas.microsoft.com/developer/msbuild/2003">
  <ItemGroup>
    <Filter Include="源文件">
      <UniqueIdentifier>{4FC737F1-C7A5-4376-A066-2A32D752A2FF}</UniqueIdentifier>
      <Extensions>cpp;c;cc;cxx;def;odl;idl;hpj;bat;asm;asmx</Extensions>
    </Filter>
    <Filter Include="头文件">
      <UniqueIdentifier>{93995380-89BD-4b04-88EB-625FBE52EBFB}</UniqueIdentifier>
      <Extensions>h;hh;hpp;hxx;hm;inl;inc;ipp;xsd</Extensions>
    </Filter>
    <Filter Include="资源文件">
      <UniqueIdentifier>{67DA6AB6-F800-4c08-8B7A-83BB121AAD01}</UniqueIdentifier>
      <Extensions>rc;ico;cur;bmp;dlg;rc2;rct;bin;rgs;gif;jpg;jpeg;jpe;resx;tiff;tif;png;wav;mfcribbon-ms</Extensions>
    </Filter>
    <Filter Include="头文件\top_element">
      <UniqueIdentifier>{7cd8acc4-8162-4d66-b51a-0cf276500045}</UniqueIdentifier>
    </Filter>
    <Filter Include="源文件\top_element">
      <UniqueIdentifier>{5e61dd2d-32a0-4a33-a350-54fb4c3a3093}</UniqueIdentifier>
    </Filter>
    <Filter Include="源文件\geom3D">
      <UniqueIdentifier>{4a3e0676-5392-4d30-b8ef-4a6bbe479d61}</UniqueIdentifier>
    </Filter>
    <Filter Include="源文件\physics3D">
      <UniqueIdentifier>{b1e8e64c-de63-464c-b19b-e526d27ed6b4}</UniqueIdentifier>
    </Filter>
    <Filter Include="头文件\display">
      <UniqueIdentifier>{654467c2-7594-4cea-a826-a98bb353582e}</UniqueIdentifier>
    </Filter>
    <Filter Include="头文件\geom3D">
      <UniqueIdentifier>{73ca1deb-a35e-48ad-96cb-013ce32ffe8c}</UniqueIdentifier>
    </Filter>
    <Filter Include="头文件\physics3D">
      <UniqueIdentifier>{d14b22b8-3014-45a6-b3b8-531f72182158}</UniqueIdentifier>
    </Filter>
    <Filter Include="源文件\display">
      <UniqueIdentifier>{27042867-dabb-413e-964e-a12b22678ac4}</UniqueIdentifier>
    </Filter>
    <Filter Include="源文件\index">
      <UniqueIdentifier>{e6d1e3cc-2bc0-4304-8d1b-45b06e2a2e77}</UniqueIdentifier>
    </Filter>
  </ItemGroup>
  <ItemGroup>
    <ClInclude Include="src\display\SBitmap.h">
      <Filter>头文件\display</Filter>
    </ClInclude>
    <ClInclude Include="src\display\SFont.h">
      <Filter>头文件\display</Filter>
    </ClInclude>
    <ClInclude Include="src\display\SGeomShape.h">
      <Filter>头文件\display</Filter>
    </ClInclude>
    <ClInclude Include="src\display\SMovieClip.h">
      <Filter>头文件\display</Filter>
    </ClInclude>
    <ClInclude Include="src\display\SText.h">
      <Filter>头文件\display</Filter>
    </ClInclude>
    <ClInclude Include="src\geom3D\SGeom3DShape.h">
      <Filter>头文件\geom3D</Filter>
    </ClInclude>
    <ClInclude Include="src\geom3D\SGeomMath.h">
      <Filter>头文件\geom3D</Filter>
    </ClInclude>
    <ClInclude Include="src\geom3D\SkyBox.h">
      <Filter>头文件\geom3D</Filter>
    </ClInclude>
    <ClInclude Include="src\geom3D\SLight.h">
      <Filter>头文件\geom3D</Filter>
    </ClInclude>
    <ClInclude Include="src\geom3D\SMLAAA.h">
      <Filter>头文件\geom3D</Filter>
    </ClInclude>
    <ClInclude Include="src\geom3D\SObject3D.h">
      <Filter>头文件\geom3D</Filter>
    </ClInclude>
    <ClInclude Include="src\geom3D\Stage3D.h">
      <Filter>头文件\geom3D</Filter>
    </ClInclude>
    <ClInclude Include="src\geom3D\SText3D.h">
      <Filter>头文件\geom3D</Filter>
    </ClInclude>
    <ClInclude Include="src\geom3D\STexture.h">
      <Filter>头文件\geom3D</Filter>
    </ClInclude>
    <ClInclude Include="src\geom3D\Surface.h">
      <Filter>头文件\geom3D</Filter>
    </ClInclude>
    <ClInclude Include="src\physics3D\PBroadCollision.h">
      <Filter>头文件\physics3D</Filter>
    </ClInclude>
    <ClInclude Include="src\physics3D\PForce.h">
      <Filter>头文件\physics3D</Filter>
    </ClInclude>
    <ClInclude Include="src\physics3D\Phase.h">
      <Filter>头文件\physics3D</Filter>
    </ClInclude>
    <ClInclude Include="src\physics3D\PNarrowCollision.h">
      <Filter>头文件\physics3D</Filter>
    </ClInclude>
    <ClInclude Include="src\physics3D\PObject3D.h">
      <Filter>头文件\physics3D</Filter>
    </ClInclude>
    <ClInclude Include="src\top_element\SAlignedAllocator.h">
      <Filter>头文件\top_element</Filter>
    </ClInclude>
    <ClInclude Include="src\top_element\Scalar.h">
      <Filter>头文件\top_element</Filter>
    </ClInclude>
    <ClInclude Include="src\top_element\SConfig.h">
      <Filter>头文件\top_element</Filter>
    </ClInclude>
    <ClInclude Include="src\top_element\SImport.h">
      <Filter>头文件\top_element</Filter>
    </ClInclude>
    <ClInclude Include="src\top_element\SLoader.h">
      <Filter>头文件\top_element</Filter>
    </ClInclude>
    <ClInclude Include="src\top_element\SLog.h">
      <Filter>头文件\top_element</Filter>
    </ClInclude>
    <ClInclude Include="src\top_element\SPointer.h">
      <Filter>头文件\top_element</Filter>
    </ClInclude>
    <ClInclude Include="src\top_element\Stage.h">
      <Filter>头文件\top_element</Filter>
    </ClInclude>
    <ClInclude Include="src\top_element\STimer.h">
      <Filter>头文件\top_element</Filter>
    </ClInclude>
    <ClInclude Include="src\top_element\Struct.h">
      <Filter>头文件\top_element</Filter>
    </ClInclude>
    <ClInclude Include="src\geom3D\SUI.h">
      <Filter>头文件\geom3D</Filter>
    </ClInclude>
    <ClInclude Include="src\Resource.h">
      <Filter>头文件</Filter>
    </ClInclude>
    <ClInclude Include="src\stdafx.h">
      <Filter>头文件</Filter>
    </ClInclude>
    <ClInclude Include="src\targetver.h">
      <Filter>头文件</Filter>
    </ClInclude>
    <ClInclude Include="src\top_element\SEvent.h">
      <Filter>头文件\top_element</Filter>
    </ClInclude>
    <ClInclude Include="src\top_element\System.h">
      <Filter>头文件\top_element</Filter>
    </ClInclude>
    <ClInclude Include="src\top_element\STime.h">
      <Filter>头文件\top_element</Filter>
    </ClInclude>
    <ClInclude Include="src\top_element\SPattern.h">
      <Filter>头文件\top_element</Filter>
    </ClInclude>
    <ClInclude Include="src\display\SColor.h">
      <Filter>头文件\display</Filter>
    </ClInclude>
    <ClInclude Include="src\geom3D\Shader.h">
      <Filter>头文件\geom3D</Filter>
    </ClInclude>
    <ClInclude Include="src\display\Shape.h">
      <Filter>头文件\display</Filter>
    </ClInclude>
    <ClInclude Include="src\display\Sprite.h">
      <Filter>头文件\display</Filter>
    </ClInclude>
    <ClInclude Include="src\display\Shape.hpp">
      <Filter>源文件\display</Filter>
    </ClInclude>
    <ClInclude Include="src\display\Sprite.hpp">
      <Filter>源文件\display</Filter>
    </ClInclude>
    <ClInclude Include="src\top_element\System.hpp">
      <Filter>源文件\top_element</Filter>
    </ClInclude>
    <ClInclude Include="src\top_element\STimer.hpp">
      <Filter>源文件\top_element</Filter>
    </ClInclude>
    <ClInclude Include="src\top_element\Stage.hpp">
      <Filter>源文件\top_element</Filter>
    </ClInclude>
    <ClInclude Include="src\top_element\SLoader.hpp">
      <Filter>源文件\top_element</Filter>
    </ClInclude>
    <ClInclude Include="src\physics3D\PObject3D.hpp">
      <Filter>源文件\physics3D</Filter>
    </ClInclude>
    <ClInclude Include="src\geom3D\SGeom3DShape.hpp">
      <Filter>源文件\geom3D</Filter>
    </ClInclude>
    <ClInclude Include="src\geom3D\SObject3D.hpp">
      <Filter>源文件\geom3D</Filter>
    </ClInclude>
    <ClInclude Include="src\geom3D\SMLAAA.hpp">
      <Filter>源文件\geom3D</Filter>
    </ClInclude>
    <ClInclude Include="src\geom3D\SkyBox.hpp">
      <Filter>源文件\geom3D</Filter>
    </ClInclude>
    <ClInclude Include="src\geom3D\Stage3D.hpp">
      <Filter>源文件\geom3D</Filter>
    </ClInclude>
    <ClInclude Include="src\geom3D\SUI.hpp">
      <Filter>源文件\geom3D</Filter>
    </ClInclude>
    <ClInclude Include="src\top_element\SCommand.h">
      <Filter>头文件\top_element</Filter>
    </ClInclude>
    <ClInclude Include="index\recter.hpp">
      <Filter>源文件\index</Filter>
    </ClInclude>
    <ClInclude Include="src\top_element\FiniteAutomata.h">
      <Filter>头文件\top_element</Filter>
    </ClInclude>
    <ClInclude Include="src\top_element\Regex.h">
      <Filter>头文件\top_element</Filter>
    </ClInclude>
    <ClInclude Include="index\show.hpp">
      <Filter>源文件\index</Filter>
    </ClInclude>
    <ClInclude Include="src\display\SButton.h">
      <Filter>头文件\display</Filter>
    </ClInclude>
    <ClInclude Include="index\transform.hpp">
      <Filter>源文件\index</Filter>
    </ClInclude>
  </ItemGroup>
  <ItemGroup>
    <ClCompile Include="src\main.cpp">
      <Filter>源文件</Filter>
    </ClCompile>
  </ItemGroup>
  <ItemGroup>
    <Image Include="ass\illusion.ico">
      <Filter>资源文件</Filter>
    </Image>
    <Image Include="ass\small.ico">
      <Filter>资源文件</Filter>
    </Image>
  </ItemGroup>
  <ItemGroup>
    <ResourceCompile Include="ass\illusion.rc">
      <Filter>资源文件</Filter>
    </ResourceCompile>
  </ItemGroup>
</Project>